
Microsoft Visual Studio Solution File, Format Version 12.00
# Visual Studio Version 16
VisualStudioVersion = 16.0.30804.86
MinimumVisualStudioVersion = 10.0.40219.1
Project("{9A19103F-16F7-4668-BE54-9A1E7A4F7556}") = "Internative.IYS.Core", "Internative.IYS.Core\Internative.IYS.Core.csproj", "{EA1E7C7A-D9CE-49BF-AAE5-09DDE5D5B486}"
EndProject
Project("{FAE04EC0-301F-11D3-BF4B-00C04F79EFBC}") = "Internative.IYS.Test", "Internative.IYS.Test\Internative.IYS.Test.csproj", "{C5D784C8-CF75-457B-B936-01DF202AC639}"
EndProject
Global
	GlobalSection(SolutionConfigurationPlatforms) = preSolution
		Debug|Any CPU = Debug|Any CPU
		Release|Any CPU = Release|Any CPU
	EndGlobalSection
	GlobalSection(ProjectConfigurationPlatforms) = postSolution
		{EA1E7C7A-D9CE-49BF-AAE5-09DDE5D5B486}.Debug|Any CPU.ActiveCfg = Debug|Any CPU
		{EA1E7C7A-D9CE-49BF-AAE5-09DDE5D5B486}.Debug|Any CPU.Build.0 = Debug|Any CPU
		{EA1E7C7A-D9CE-49BF-AAE5-09DDE5D5B486}.Release|Any CPU.ActiveCfg = Release|Any CPU
		{EA1E7C7A-D9CE-49BF-AAE5-09DDE5D5B486}.Release|Any CPU.Build.0 = Release|Any CPU
		{C5D784C8-CF75-457B-B936-01DF202AC639}.Debug|Any CPU.ActiveCfg = Debug|Any CPU
		{C5D784C8-CF75-457B-B936-01DF202AC639}.Debug|Any CPU.Build.0 = Debug|Any CPU
		{C5D784C8-CF75-457B-B936-01DF202AC639}.Release|Any CPU.ActiveCfg = Release|Any CPU
		{C5D784C8-CF75-457B-B936-01DF202AC639}.Release|Any CPU.Build.0 = Release|Any CPU
	EndGlobalSection
	GlobalSection(SolutionProperties) = preSolution
		HideSolutionNode = FALSE
	EndGlobalSection
	GlobalSection(ExtensibilityGlobals) = postSolution
		SolutionGuid = {B537F2EE-4953-4CB2-831D-4ABCEFEAF422}
	EndGlobalSection
EndGlobal
